
Microsoft Visual Studio Solution File, Format Version 12.00
# Visual Studio Version 16
VisualStudioVersion = 16.0.31025.194
MinimumVisualStudioVersion = 10.0.40219.1
Project("{9A19103F-16F7-4668-BE54-9A1E7A4F7556}") = "TagScriptSharp", "TagScriptSharp\TagScriptSharp.csproj", "{54B81C6E-7371-4551-8CD8-08E42A286443}"
EndProject
Project("{FAE04EC0-301F-11D3-BF4B-00C04F79EFBC}") = "TagScriptSharpTests", "TagScriptSharpTests\TagScriptSharpTests.csproj", "{C137BBB4-8ABA-4C85-B534-F93B8A5B249C}"
EndProject
Global
	GlobalSection(SolutionConfigurationPlatforms) = preSolution
		Debug|Any CPU = Debug|Any CPU
		Release|Any CPU = Release|Any CPU
	EndGlobalSection
	GlobalSection(ProjectConfigurationPlatforms) = postSolution
		{54B81C6E-7371-4551-8CD8-08E42A286443}.Debug|Any CPU.ActiveCfg = Debug|Any CPU
		{54B81C6E-7371-4551-8CD8-08E42A286443}.Debug|Any CPU.Build.0 = Debug|Any CPU
		{54B81C6E-7371-4551-8CD8-08E42A286443}.Release|Any CPU.ActiveCfg = Release|Any CPU
		{54B81C6E-7371-4551-8CD8-08E42A286443}.Release|Any CPU.Build.0 = Release|Any CPU
		{C137BBB4-8ABA-4C85-B534-F93B8A5B249C}.Debug|Any CPU.ActiveCfg = Debug|Any CPU
		{C137BBB4-8ABA-4C85-B534-F93B8A5B249C}.Debug|Any CPU.Build.0 = Debug|Any CPU
		{C137BBB4-8ABA-4C85-B534-F93B8A5B249C}.Release|Any CPU.ActiveCfg = Release|Any CPU
		{C137BBB4-8ABA-4C85-B534-F93B8A5B249C}.Release|Any CPU.Build.0 = Release|Any CPU
	EndGlobalSection
	GlobalSection(SolutionProperties) = preSolution
		HideSolutionNode = FALSE
	EndGlobalSection
	GlobalSection(ExtensibilityGlobals) = postSolution
		SolutionGuid = {A4A4850E-75F8-47C5-A85A-F21FAE36F84C}
	EndGlobalSection
EndGlobal
